
Microsoft Visual Studio Solution File, Format Version 12.00
# Visual Studio Version 17
VisualStudioVersion = 17.8.34330.188
MinimumVisualStudioVersion = 10.0.40219.1
Project("{FAE04EC0-301F-11D3-BF4B-00C04F79EFBC}") = "LibrarySystem", "LibrarySystem\LibrarySystem.csproj", "{1BE3A226-DA9B-45F1-BC60-695C94D63E56}"
EndProject
Global
	GlobalSection(SolutionConfigurationPlatforms) = preSolution
		Debug|Any CPU = Debug|Any CPU
		Release|Any CPU = Release|Any CPU
	EndGlobalSection
	GlobalSection(ProjectConfigurationPlatforms) = postSolution
		{1BE3A226-DA9B-45F1-BC60-695C94D63E56}.Debug|Any CPU.ActiveCfg = Debug|Any CPU
		{1BE3A226-DA9B-45F1-BC60-695C94D63E56}.Debug|Any CPU.Build.0 = Debug|Any CPU
		{1BE3A226-DA9B-45F1-BC60-695C94D63E56}.Release|Any CPU.ActiveCfg = Release|Any CPU
		{1BE3A226-DA9B-45F1-BC60-695C94D63E56}.Release|Any CPU.Build.0 = Release|Any CPU
	EndGlobalSection
	GlobalSection(SolutionProperties) = preSolution
		HideSolutionNode = FALSE
	EndGlobalSection
	GlobalSection(ExtensibilityGlobals) = postSolution
		SolutionGuid = {01F641F5-23BC-4AF3-A3E3-F96152F65559}
	EndGlobalSection
EndGlobal
